{
  "name": "@conversionxl/cxl-lumo-styles",
  "version": "0.1.0",
  "lockfileVersion": 1,
  "requires": true,
  "dependencies": {
    "sass-mq": {
      "version": "5.0.0",
      "resolved": "https://registry.npmjs.org/sass-mq/-/sass-mq-5.0.0.tgz",
      "integrity": "sha512-GCN6wGY+l4n10mASeMe2vqISvEEFjv6/NVcywaMU9saZgzw+DKM+fUUAnv07LlxXvDdnHSRf5jGJ10u/iF1BKA=="
    }
  }
}
